
Microsoft Visual Studio Solution File, Format Version 12.00
# Visual Studio Version 16
VisualStudioVersion = 16.0.31005.135
MinimumVisualStudioVersion = 10.0.40219.1
Project("{FAE04EC0-301F-11D3-BF4B-00C04F79EFBC}") = "WebRPG", "WebRPG\WebRPG.csproj", "{F0C43B7C-7E45-46DF-AC77-740A2AA76ECF}"
EndProject
Global
	GlobalSection(SolutionConfigurationPlatforms) = preSolution
		Debug|Any CPU = Debug|Any CPU
		Release|Any CPU = Release|Any CPU
	EndGlobalSection
	GlobalSection(ProjectConfigurationPlatforms) = postSolution
		{F0C43B7C-7E45-46DF-AC77-740A2AA76ECF}.Debug|Any CPU.ActiveCfg = Debug|Any CPU
		{F0C43B7C-7E45-46DF-AC77-740A2AA76ECF}.Debug|Any CPU.Build.0 = Debug|Any CPU
		{F0C43B7C-7E45-46DF-AC77-740A2AA76ECF}.Release|Any CPU.ActiveCfg = Release|Any CPU
		{F0C43B7C-7E45-46DF-AC77-740A2AA76ECF}.Release|Any CPU.Build.0 = Release|Any CPU
	EndGlobalSection
	GlobalSection(SolutionProperties) = preSolution
		HideSolutionNode = FALSE
	EndGlobalSection
	GlobalSection(ExtensibilityGlobals) = postSolution
		SolutionGuid = {B1B12B1C-9B43-430F-89EF-3360D5EE46B5}
	EndGlobalSection
EndGlobal
